
Microsoft Visual Studio Solution File, Format Version 12.00
# Visual Studio Version 16
VisualStudioVersion = 16.0.30320.27
MinimumVisualStudioVersion = 10.0.40219.1
Project("{FAE04EC0-301F-11D3-BF4B-00C04F79EFBC}") = "Visitas.Mvc", "Visitas.Mvc\Visitas.Mvc.csproj", "{6F5CC837-3A91-4017-BDF3-C734EBD60D37}"
EndProject
Project("{FAE04EC0-301F-11D3-BF4B-00C04F79EFBC}") = "Visitas.Models", "Visitas.Models\Visitas.Models.csproj", "{341D2F17-81A4-4F35-B3A6-70B3CAA4E5D6}"
EndProject
Project("{FAE04EC0-301F-11D3-BF4B-00C04F79EFBC}") = "Visitas.Repositories", "Visitas.Repositories\Visitas.Repositories.csproj", "{A3C4D6B0-78AB-4A3D-B1C6-2B7382F36BB9}"
EndProject
Project("{FAE04EC0-301F-11D3-BF4B-00C04F79EFBC}") = "Visitas.Repositories.Dapper", "Visitas.Repositories.Dapper\Visitas.Repositories.Dapper.csproj", "{2694F511-F8B2-4992-AC9D-F43269F0C113}"
EndProject
Project("{FAE04EC0-301F-11D3-BF4B-00C04F79EFBC}") = "Visitas.UnitOfWork", "Visitas.UnitOfWork\Visitas.UnitOfWork.csproj", "{04BF5B17-E041-4335-88F8-904444C48D7E}"
EndProject
Global
	GlobalSection(SolutionConfigurationPlatforms) = preSolution
		Debug|Any CPU = Debug|Any CPU
		Release|Any CPU = Release|Any CPU
	EndGlobalSection
	GlobalSection(ProjectConfigurationPlatforms) = postSolution
		{6F5CC837-3A91-4017-BDF3-C734EBD60D37}.Debug|Any CPU.ActiveCfg = Debug|Any CPU
		{6F5CC837-3A91-4017-BDF3-C734EBD60D37}.Debug|Any CPU.Build.0 = Debug|Any CPU
		{6F5CC837-3A91-4017-BDF3-C734EBD60D37}.Release|Any CPU.ActiveCfg = Release|Any CPU
		{6F5CC837-3A91-4017-BDF3-C734EBD60D37}.Release|Any CPU.Build.0 = Release|Any CPU
		{341D2F17-81A4-4F35-B3A6-70B3CAA4E5D6}.Debug|Any CPU.ActiveCfg = Debug|Any CPU
		{341D2F17-81A4-4F35-B3A6-70B3CAA4E5D6}.Debug|Any CPU.Build.0 = Debug|Any CPU
		{341D2F17-81A4-4F35-B3A6-70B3CAA4E5D6}.Release|Any CPU.ActiveCfg = Release|Any CPU
		{341D2F17-81A4-4F35-B3A6-70B3CAA4E5D6}.Release|Any CPU.Build.0 = Release|Any CPU
		{A3C4D6B0-78AB-4A3D-B1C6-2B7382F36BB9}.Debug|Any CPU.ActiveCfg = Debug|Any CPU
		{A3C4D6B0-78AB-4A3D-B1C6-2B7382F36BB9}.Debug|Any CPU.Build.0 = Debug|Any CPU
		{A3C4D6B0-78AB-4A3D-B1C6-2B7382F36BB9}.Release|Any CPU.ActiveCfg = Release|Any CPU
		{A3C4D6B0-78AB-4A3D-B1C6-2B7382F36BB9}.Release|Any CPU.Build.0 = Release|Any CPU
		{2694F511-F8B2-4992-AC9D-F43269F0C113}.Debug|Any CPU.ActiveCfg = Debug|Any CPU
		{2694F511-F8B2-4992-AC9D-F43269F0C113}.Debug|Any CPU.Build.0 = Debug|Any CPU
		{2694F511-F8B2-4992-AC9D-F43269F0C113}.Release|Any CPU.ActiveCfg = Release|Any CPU
		{2694F511-F8B2-4992-AC9D-F43269F0C113}.Release|Any CPU.Build.0 = Release|Any CPU
		{04BF5B17-E041-4335-88F8-904444C48D7E}.Debug|Any CPU.ActiveCfg = Debug|Any CPU
		{04BF5B17-E041-4335-88F8-904444C48D7E}.Debug|Any CPU.Build.0 = Debug|Any CPU
		{04BF5B17-E041-4335-88F8-904444C48D7E}.Release|Any CPU.ActiveCfg = Release|Any CPU
		{04BF5B17-E041-4335-88F8-904444C48D7E}.Release|Any CPU.Build.0 = Release|Any CPU
	EndGlobalSection
	GlobalSection(SolutionProperties) = preSolution
		HideSolutionNode = FALSE
	EndGlobalSection
	GlobalSection(ExtensibilityGlobals) = postSolution
		SolutionGuid = {18275BA2-5B1B-4855-90E8-5F5A96138D26}
	EndGlobalSection
EndGlobal
